
Microsoft Visual Studio Solution File, Format Version 12.00
# Visual Studio Version 16
VisualStudioVersion = 16.0.30907.101
MinimumVisualStudioVersion = 10.0.40219.1
Project("{FAE04EC0-301F-11D3-BF4B-00C04F79EFBC}") = "Battleship", "Battleship\Battleship.csproj", "{2CD2E21E-9702-45C9-8D28-B892218D19CD}"
EndProject
Global
	GlobalSection(SolutionConfigurationPlatforms) = preSolution
		Debug|Any CPU = Debug|Any CPU
		Release|Any CPU = Release|Any CPU
	EndGlobalSection
	GlobalSection(ProjectConfigurationPlatforms) = postSolution
		{2CD2E21E-9702-45C9-8D28-B892218D19CD}.Debug|Any CPU.ActiveCfg = Debug|Any CPU
		{2CD2E21E-9702-45C9-8D28-B892218D19CD}.Debug|Any CPU.Build.0 = Debug|Any CPU
		{2CD2E21E-9702-45C9-8D28-B892218D19CD}.Release|Any CPU.ActiveCfg = Release|Any CPU
		{2CD2E21E-9702-45C9-8D28-B892218D19CD}.Release|Any CPU.Build.0 = Release|Any CPU
	EndGlobalSection
	GlobalSection(SolutionProperties) = preSolution
		HideSolutionNode = FALSE
	EndGlobalSection
	GlobalSection(ExtensibilityGlobals) = postSolution
		SolutionGuid = {1D8E099A-C2CA-4472-B8F2-3618174E5C2C}
	EndGlobalSection
EndGlobal
